
Microsoft Visual Studio Solution File, Format Version 12.00
# Visual Studio Version 17
VisualStudioVersion = 17.7.34031.279
MinimumVisualStudioVersion = 10.0.40219.1
Project("{FAE04EC0-301F-11D3-BF4B-00C04F79EFBC}") = "lcm.CoypProjiect", "lcm.CoypProjiect\lcm.CoypProjiect.csproj", "{FCE71185-D98F-48AB-8D24-C7D88E809566}"
EndProject
Global
	GlobalSection(SolutionConfigurationPlatforms) = preSolution
		Debug|Any CPU = Debug|Any CPU
		Release|Any CPU = Release|Any CPU
	EndGlobalSection
	GlobalSection(ProjectConfigurationPlatforms) = postSolution
		{FCE71185-D98F-48AB-8D24-C7D88E809566}.Debug|Any CPU.ActiveCfg = Debug|Any CPU
		{FCE71185-D98F-48AB-8D24-C7D88E809566}.Debug|Any CPU.Build.0 = Debug|Any CPU
		{FCE71185-D98F-48AB-8D24-C7D88E809566}.Release|Any CPU.ActiveCfg = Release|Any CPU
		{FCE71185-D98F-48AB-8D24-C7D88E809566}.Release|Any CPU.Build.0 = Release|Any CPU
	EndGlobalSection
	GlobalSection(SolutionProperties) = preSolution
		HideSolutionNode = FALSE
	EndGlobalSection
	GlobalSection(ExtensibilityGlobals) = postSolution
		SolutionGuid = {EBD82D7C-6E93-4845-94E0-3C53DFA7741B}
	EndGlobalSection
EndGlobal
